
Microsoft Visual Studio Solution File, Format Version 12.00
# Visual Studio Version 17
VisualStudioVersion = 17.11.35431.28
MinimumVisualStudioVersion = 10.0.40219.1
Project("{FAE04EC0-301F-11D3-BF4B-00C04F79EFBC}") = "CloudServices", "CloudServices\CloudServices.csproj", "{39222E34-5E47-4349-8BE6-2B9CCC396DA9}"
EndProject
Global
	GlobalSection(SolutionConfigurationPlatforms) = preSolution
		Debug|Any CPU = Debug|Any CPU
		Release|Any CPU = Release|Any CPU
	EndGlobalSection
	GlobalSection(ProjectConfigurationPlatforms) = postSolution
		{39222E34-5E47-4349-8BE6-2B9CCC396DA9}.Debug|Any CPU.ActiveCfg = Debug|Any CPU
		{39222E34-5E47-4349-8BE6-2B9CCC396DA9}.Debug|Any CPU.Build.0 = Debug|Any CPU
		{39222E34-5E47-4349-8BE6-2B9CCC396DA9}.Release|Any CPU.ActiveCfg = Release|Any CPU
		{39222E34-5E47-4349-8BE6-2B9CCC396DA9}.Release|Any CPU.Build.0 = Release|Any CPU
	EndGlobalSection
	GlobalSection(SolutionProperties) = preSolution
		HideSolutionNode = FALSE
	EndGlobalSection
	GlobalSection(ExtensibilityGlobals) = postSolution
		SolutionGuid = {34F31875-61EC-48D0-9AF5-617BB8A171BA}
	EndGlobalSection
EndGlobal
